
Microsoft Visual Studio Solution File, Format Version 12.00
# Visual Studio 2013
VisualStudioVersion = 12.0.40629.0
MinimumVisualStudioVersion = 10.0.40219.1
Project("{FAE04EC0-301F-11D3-BF4B-00C04F79EFBC}") = "PIAgent", "PIAgent\PIAgent.csproj", "{7D80F0A1-D084-4548-9187-181941E3E1F7}"
EndProject
Project("{FAE04EC0-301F-11D3-BF4B-00C04F79EFBC}") = "PIAgent.Test", "PIAgent.Test\PIAgent.Test.csproj", "{B7B74AC2-E301-4510-89AC-A081B1EB403E}"
EndProject
Global
	GlobalSection(SolutionConfigurationPlatforms) = preSolution
		Debug|Any CPU = Debug|Any CPU
		Release|Any CPU = Release|Any CPU
	EndGlobalSection
	GlobalSection(ProjectConfigurationPlatforms) = postSolution
		{7D80F0A1-D084-4548-9187-181941E3E1F7}.Debug|Any CPU.ActiveCfg = Debug|Any CPU
		{7D80F0A1-D084-4548-9187-181941E3E1F7}.Debug|Any CPU.Build.0 = Debug|Any CPU
		{7D80F0A1-D084-4548-9187-181941E3E1F7}.Release|Any CPU.ActiveCfg = Release|Any CPU
		{7D80F0A1-D084-4548-9187-181941E3E1F7}.Release|Any CPU.Build.0 = Release|Any CPU
		{B7B74AC2-E301-4510-89AC-A081B1EB403E}.Debug|Any CPU.ActiveCfg = Debug|Any CPU
		{B7B74AC2-E301-4510-89AC-A081B1EB403E}.Debug|Any CPU.Build.0 = Debug|Any CPU
		{B7B74AC2-E301-4510-89AC-A081B1EB403E}.Release|Any CPU.ActiveCfg = Release|Any CPU
		{B7B74AC2-E301-4510-89AC-A081B1EB403E}.Release|Any CPU.Build.0 = Release|Any CPU
	EndGlobalSection
	GlobalSection(SolutionProperties) = preSolution
		HideSolutionNode = FALSE
	EndGlobalSection
EndGlobal
